// !$*UTF8*$!
{
	archiveVersion = 1;
	classes = {
	};
	objectVersion = 50;
	objects = {

/* Begin PBXBuildFile section */
		1A5A2D70250F521400F2FAA5 /* AppDelegate.swift in Sources */ = {isa = PBXBuildFile; fileRef = 1A5A2D6F250F521400F2FAA5 /* AppDelegate.swift */; };
		1A5A2D72250F521400F2FAA5 /* SceneDelegate.swift in Sources */ = {isa = PBXBuildFile; fileRef = 1A5A2D71250F521400F2FAA5 /* SceneDelegate.swift */; };
		1A5A2D74250F521400F2FAA5 /* ViewController.swift in Sources */ = {isa = PBXBuildFile; fileRef = 1A5A2D73250F521400F2FAA5 /* ViewController.swift */; };
		1A5A2D77250F521400F2FAA5 /* Main.storyboard in Resources */ = {isa = PBXBuildFile; fileRef = 1A5A2D75250F521400F2FAA5 /* Main.storyboard */; };
		1A5A2D79250F521600F2FAA5 /* Assets.xcassets in Resources */ = {isa = PBXBuildFile; fileRef = 1A5A2D78250F521600F2FAA5 /* Assets.xcassets */; };
		1A5A2D7C250F521600F2FAA5 /* LaunchScreen.storyboard in Resources */ = {isa = PBXBuildFile; fileRef = 1A5A2D7A250F521600F2FAA5 /* LaunchScreen.storyboard */; };
		1A5A2D87250F521600F2FAA5 /* TechMonTests.swift in Sources */ = {isa = PBXBuildFile; fileRef = 1A5A2D86250F521600F2FAA5 /* TechMonTests.swift */; };
		1A5A2D92250F521600F2FAA5 /* TechMonUITests.swift in Sources */ = {isa = PBXBuildFile; fileRef = 1A5A2D91250F521600F2FAA5 /* TechMonUITests.swift */; };
		1A5A2DB5250F52A700F2FAA5 /* lobby.png in Resources */ = {isa = PBXBuildFile; fileRef = 1A5A2DA1250F52A700F2FAA5 /* lobby.png */; };
		1A5A2DB6250F52A700F2FAA5 /* battlebg.png in Resources */ = {isa = PBXBuildFile; fileRef = 1A5A2DA2250F52A700F2FAA5 /* battlebg.png */; };
		1A5A2DB7250F52A700F2FAA5 /* bgimage.jpg in Resources */ = {isa = PBXBuildFile; fileRef = 1A5A2DA3250F52A700F2FAA5 /* bgimage.jpg */; };
		1A5A2DB8250F52A700F2FAA5 /* waku.png in Resources */ = {isa = PBXBuildFile; fileRef = 1A5A2DA4250F52A700F2FAA5 /* waku.png */; };
		1A5A2DB9250F52A700F2FAA5 /* gold_button.png in Resources */ = {isa = PBXBuildFile; fileRef = 1A5A2DA5250F52A700F2FAA5 /* gold_button.png */; };
		1A5A2DBA250F52A700F2FAA5 /* yusya.png in Resources */ = {isa = PBXBuildFile; fileRef = 1A5A2DA6250F52A700F2FAA5 /* yusya.png */; };
		1A5A2DBB250F52A700F2FAA5 /* monster.png in Resources */ = {isa = PBXBuildFile; fileRef = 1A5A2DA7250F52A700F2FAA5 /* monster.png */; };
		1A5A2DBC250F52A700F2FAA5 /* TechMonManager.swift in Sources */ = {isa = PBXBuildFile; fileRef = 1A5A2DA9250F52A700F2FAA5 /* TechMonManager.swift */; };
		1A5A2DBD250F52A700F2FAA5 /* Character.swift in Sources */ = {isa = PBXBuildFile; fileRef = 1A5A2DAA250F52A700F2FAA5 /* Character.swift */; };
		1A5A2DBE250F52A700F2FAA5 /* SE_fanfare.mp3 in Resources */ = {isa = PBXBuildFile; fileRef = 1A5A2DAC250F52A700F2FAA5 /* SE_fanfare.mp3 */; };
		1A5A2DBF250F52A700F2FAA5 /* BGM_battle001.mp3 in Resources */ = {isa = PBXBuildFile; fileRef = 1A5A2DAD250F52A700F2FAA5 /* BGM_battle001.mp3 */; };
		1A5A2DC0250F52A700F2FAA5 /* SE_fire.mp3 in Resources */ = {isa = PBXBuildFile; fileRef = 1A5A2DAE250F52A700F2FAA5 /* SE_fire.mp3 */; };
		1A5A2DC1250F52A700F2FAA5 /* SE_attack.mp3 in Resources */ = {isa = PBXBuildFile; fileRef = 1A5A2DAF250F52A700F2FAA5 /* SE_attack.mp3 */; };
		1A5A2DC2250F52A700F2FAA5 /* SE_gameover.mp3 in Resources */ = {isa = PBXBuildFile; fileRef = 1A5A2DB0250F52A700F2FAA5 /* SE_gameover.mp3 */; };
		1A5A2DC3250F52A700F2FAA5 /* SE_charge.mp3 in Resources */ = {isa = PBXBuildFile; fileRef = 1A5A2DB1250F52A700F2FAA5 /* SE_charge.mp3 */; };
		1A5A2DC4250F52A700F2FAA5 /* lobby.mp3 in Resources */ = {isa = PBXBuildFile; fileRef = 1A5A2DB2250F52A700F2FAA5 /* lobby.mp3 */; };
		1A5A2DC5250F52A700F2FAA5 /* misaki_gothic.ttf in Resources */ = {isa = PBXBuildFile; fileRef = 1A5A2DB4250F52A700F2FAA5 /* misaki_gothic.ttf */; };
		1A5A2DC7250F823B00F2FAA5 /* LobbyViewController.swift in Sources */ = {isa = PBXBuildFile; fileRef = 1A5A2DC6250F823B00F2FAA5 /* LobbyViewController.swift */; };
		1A5A2DC9250F824D00F2FAA5 /* BattleViewController.swift in Sources */ = {isa = PBXBuildFile; fileRef = 1A5A2DC8250F824D00F2FAA5 /* BattleViewController.swift */; };
/* End PBXBuildFile section */

/* Begin PBXContainerItemProxy section */
		1A5A2D83250F521600F2FAA5 /* PBXContainerItemProxy */ = {
			isa = PBXContainerItemProxy;
			containerPortal = 1A5A2D64250F521300F2FAA5 /* Project object */;
			proxyType = 1;
			remoteGlobalIDString = 1A5A2D6B250F521400F2FAA5;
			remoteInfo = TechMon;
		};
		1A5A2D8E250F521600F2FAA5 /* PBXContainerItemProxy */ = {
			isa = PBXContainerItemProxy;
			containerPortal = 1A5A2D64250F521300F2FAA5 /* Project object */;
			proxyType = 1;
			remoteGlobalIDString = 1A5A2D6B250F521400F2FAA5;
			remoteInfo = TechMon;
		};
/* End PBXContainerItemProxy section */

/* Begin PBXFileReference section */
		1A5A2D6C250F521400F2FAA5 /* TechMon.app */ = {isa = PBXFileReference; explicitFileType = wrapper.application; includeInIndex = 0; path = TechMon.app; sourceTree = BUILT_PRODUCTS_DIR; };
		1A5A2D6F250F521400F2FAA5 /* AppDelegate.swift */ = {isa = PBXFileReference; lastKnownFileType = sourcecode.swift; path = AppDelegate.swift; sourceTree = "<group>"; };
		1A5A2D71250F521400F2FAA5 /* SceneDelegate.swift */ = {isa = PBXFileReference; lastKnownFileType = sourcecode.swift; path = SceneDelegate.swift; sourceTree = "<group>"; };
		1A5A2D73250F521400F2FAA5 /* ViewController.swift */ = {isa = PBXFileReference; lastKnownFileType = sourcecode.swift; path = ViewController.swift; sourceTree = "<group>"; };
		1A5A2D76250F521400F2FAA5 /* Base */ = {isa = PBXFileReference; lastKnownFileType = file.storyboard; name = Base; path = Base.lproj/Main.storyboard; sourceTree = "<group>"; };
		1A5A2D78250F521600F2FAA5 /* Assets.xcassets */ = {isa = PBXFileReference; lastKnownFileType = folder.assetcatalog; path = Assets.xcassets; sourceTree = "<group>"; };
		1A5A2D7B250F521600F2FAA5 /* Base */ = {isa = PBXFileReference; lastKnownFileType = file.storyboard; name = Base; path = Base.lproj/LaunchScreen.storyboard; sourceTree = "<group>"; };
		1A5A2D7D250F521600F2FAA5 /* Info.plist */ = {isa = PBXFileReference; lastKnownFileType = text.plist.xml; path = Info.plist; sourceTree = "<group>"; };
		1A5A2D82250F521600F2FAA5 /* TechMonTests.xctest */ = {isa = PBXFileReference; explicitFileType = wrapper.cfbundle; includeInIndex = 0; path = TechMonTests.xctest; sourceTree = BUILT_PRODUCTS_DIR; };
		1A5A2D86250F521600F2FAA5 /* TechMonTests.swift */ = {isa = PBXFileReference; lastKnownFileType = sourcecode.swift; path = TechMonTests.swift; sourceTree = "<group>"; };
		1A5A2D88250F521600F2FAA5 /* Info.plist */ = {isa = PBXFileReference; lastKnownFileType = text.plist.xml; path = Info.plist; sourceTree = "<group>"; };
		1A5A2D8D250F521600F2FAA5 /* TechMonUITests.xctest */ = {isa = PBXFileReference; explicitFileType = wrapper.cfbundle; includeInIndex = 0; path = TechMonUITests.xctest; sourceTree = BUILT_PRODUCTS_DIR; };
		1A5A2D91250F521600F2FAA5 /* TechMonUITests.swift */ = {isa = PBXFileReference; lastKnownFileType = sourcecode.swift; path = TechMonUITests.swift; sourceTree = "<group>"; };
		1A5A2D93250F521600F2FAA5 /* Info.plist */ = {isa = PBXFileReference; lastKnownFileType = text.plist.xml; path = Info.plist; sourceTree = "<group>"; };
		1A5A2DA1250F52A700F2FAA5 /* lobby.png */ = {isa = PBXFileReference; lastKnownFileType = image.png; path = lobby.png; sourceTree = "<group>"; };
		1A5A2DA2250F52A700F2FAA5 /* battlebg.png */ = {isa = PBXFileReference; lastKnownFileType = image.png; path = battlebg.png; sourceTree = "<group>"; };
		1A5A2DA3250F52A700F2FAA5 /* bgimage.jpg */ = {isa = PBXFileReference; lastKnownFileType = image.jpeg; path = bgimage.jpg; sourceTree = "<group>"; };
		1A5A2DA4250F52A700F2FAA5 /* waku.png */ = {isa = PBXFileReference; lastKnownFileType = image.png; path = waku.png; sourceTree = "<group>"; };
		1A5A2DA5250F52A700F2FAA5 /* gold_button.png */ = {isa = PBXFileReference; lastKnownFileType = image.png; path = gold_button.png; sourceTree = "<group>"; };
		1A5A2DA6250F52A700F2FAA5 /* yusya.png */ = {isa = PBXFileReference; lastKnownFileType = image.png; path = yusya.png; sourceTree = "<group>"; };
		1A5A2DA7250F52A700F2FAA5 /* monster.png */ = {isa = PBXFileReference; lastKnownFileType = image.png; path = monster.png; sourceTree = "<group>"; };
		1A5A2DA9250F52A700F2FAA5 /* TechMonManager.swift */ = {isa = PBXFileReference; fileEncoding = 4; lastKnownFileType = sourcecode.swift; path = TechMonManager.swift; sourceTree = "<group>"; };
		1A5A2DAA250F52A700F2FAA5 /* Character.swift */ = {isa = PBXFileReference; fileEncoding = 4; lastKnownFileType = sourcecode.swift; path = Character.swift; sourceTree = "<group>"; };
		1A5A2DAC250F52A700F2FAA5 /* SE_fanfare.mp3 */ = {isa = PBXFileReference; lastKnownFileType = audio.mp3; path = SE_fanfare.mp3; sourceTree = "<group>"; };
		1A5A2DAD250F52A700F2FAA5 /* BGM_battle001.mp3 */ = {isa = PBXFileReference; lastKnownFileType = audio.mp3; path = BGM_battle001.mp3; sourceTree = "<group>"; };
		1A5A2DAE250F52A700F2FAA5 /* SE_fire.mp3 */ = {isa = PBXFileReference; lastKnownFileType = audio.mp3; path = SE_fire.mp3; sourceTree = "<group>"; };
		1A5A2DAF250F52A700F2FAA5 /* SE_attack.mp3 */ = {isa = PBXFileReference; lastKnownFileType = audio.mp3; path = SE_attack.mp3; sourceTree = "<group>"; };
		1A5A2DB0250F52A700F2FAA5 /* SE_gameover.mp3 */ = {isa = PBXFileReference; lastKnownFileType = audio.mp3; path = SE_gameover.mp3; sourceTree = "<group>"; };
		1A5A2DB1250F52A700F2FAA5 /* SE_charge.mp3 */ = {isa = PBXFileReference; lastKnownFileType = audio.mp3; path = SE_charge.mp3; sourceTree = "<group>"; };
		1A5A2DB2250F52A700F2FAA5 /* lobby.mp3 */ = {isa = PBXFileReference; lastKnownFileType = audio.mp3; path = lobby.mp3; sourceTree = "<group>"; };
		1A5A2DB4250F52A700F2FAA5 /* misaki_gothic.ttf */ = {isa = PBXFileReference; lastKnownFileType = file; path = misaki_gothic.ttf; sourceTree = "<group>"; };
		1A5A2DC6250F823B00F2FAA5 /* LobbyViewController.swift */ = {isa = PBXFileReference; lastKnownFileType = sourcecode.swift; path = LobbyViewController.swift; sourceTree = "<group>"; };
		1A5A2DC8250F824D00F2FAA5 /* BattleViewController.swift */ = {isa = PBXFileReference; lastKnownFileType = sourcecode.swift; path = BattleViewController.swift; sourceTree = "<group>"; };
/* End PBXFileReference section */

/* Begin PBXFrameworksBuildPhase section */
		1A5A2D69250F521400F2FAA5 /* Frameworks */ = {
			isa = PBXFrameworksBuildPhase;
			buildActionMask = 2147483647;
			files = (
			);
			runOnlyForDeploymentPostprocessing = 0;
		};
		1A5A2D7F250F521600F2FAA5 /* Frameworks */ = {
			isa = PBXFrameworksBuildPhase;
			buildActionMask = 2147483647;
			files = (
			);
			runOnlyForDeploymentPostprocessing = 0;
		};
		1A5A2D8A250F521600F2FAA5 /* Frameworks */ = {
			isa = PBXFrameworksBuildPhase;
			buildActionMask = 2147483647;
			files = (
			);
			runOnlyForDeploymentPostprocessing = 0;
		};
/* End PBXFrameworksBuildPhase section */

/* Begin PBXGroup section */
		1A5A2D63250F521300F2FAA5 = {
			isa = PBXGroup;
			children = (
				1A5A2D6E250F521400F2FAA5 /* TechMon */,
				1A5A2D85250F521600F2FAA5 /* TechMonTests */,
				1A5A2D90250F521600F2FAA5 /* TechMonUITests */,
				1A5A2D6D250F521400F2FAA5 /* Products */,
			);
			sourceTree = "<group>";
		};
		1A5A2D6D250F521400F2FAA5 /* Products */ = {
			isa = PBXGroup;
			children = (
				1A5A2D6C250F521400F2FAA5 /* TechMon.app */,
				1A5A2D82250F521600F2FAA5 /* TechMonTests.xctest */,
				1A5A2D8D250F521600F2FAA5 /* TechMonUITests.xctest */,
			);
			name = Products;
			sourceTree = "<group>";
		};
		1A5A2D6E250F521400F2FAA5 /* TechMon */ = {
			isa = PBXGroup;
			children = (
				1A5A2D9F250F52A700F2FAA5 /* TechMon_Resource */,
				1A5A2D6F250F521400F2FAA5 /* AppDelegate.swift */,
				1A5A2D71250F521400F2FAA5 /* SceneDelegate.swift */,
				1A5A2D73250F521400F2FAA5 /* ViewController.swift */,
				1A5A2D75250F521400F2FAA5 /* Main.storyboard */,
				1A5A2D78250F521600F2FAA5 /* Assets.xcassets */,
				1A5A2D7A250F521600F2FAA5 /* LaunchScreen.storyboard */,
				1A5A2D7D250F521600F2FAA5 /* Info.plist */,
				1A5A2DC6250F823B00F2FAA5 /* LobbyViewController.swift */,
				1A5A2DC8250F824D00F2FAA5 /* BattleViewController.swift */,
			);
			path = TechMon;
			sourceTree = "<group>";
		};
		1A5A2D85250F521600F2FAA5 /* TechMonTests */ = {
			isa = PBXGroup;
			children = (
				1A5A2D86250F521600F2FAA5 /* TechMonTests.swift */,
				1A5A2D88250F521600F2FAA5 /* Info.plist */,
			);
			path = TechMonTests;
			sourceTree = "<group>";
		};
		1A5A2D90250F521600F2FAA5 /* TechMonUITests */ = {
			isa = PBXGroup;
			children = (
				1A5A2D91250F521600F2FAA5 /* TechMonUITests.swift */,
				1A5A2D93250F521600F2FAA5 /* Info.plist */,
			);
			path = TechMonUITests;
			sourceTree = "<group>";
		};
		1A5A2D9F250F52A700F2FAA5 /* TechMon_Resource */ = {
			isa = PBXGroup;
			children = (
				1A5A2DA0250F52A700F2FAA5 /* Images */,
				1A5A2DA8250F52A700F2FAA5 /* Models */,
				1A5A2DAB250F52A700F2FAA5 /* Sounds */,
				1A5A2DB3250F52A700F2FAA5 /* Fonts */,
			);
			path = TechMon_Resource;
			sourceTree = "<group>";
		};
		1A5A2DA0250F52A700F2FAA5 /* Images */ = {
			isa = PBXGroup;
			children = (
				1A5A2DA1250F52A700F2FAA5 /* lobby.png */,
				1A5A2DA2250F52A700F2FAA5 /* battlebg.png */,
				1A5A2DA3250F52A700F2FAA5 /* bgimage.jpg */,
				1A5A2DA4250F52A700F2FAA5 /* waku.png */,
				1A5A2DA5250F52A700F2FAA5 /* gold_button.png */,
				1A5A2DA6250F52A700F2FAA5 /* yusya.png */,
				1A5A2DA7250F52A700F2FAA5 /* monster.png */,
			);
			path = Images;
			sourceTree = "<group>";
		};
		1A5A2DA8250F52A700F2FAA5 /* Models */ = {
			isa = PBXGroup;
			children = (
				1A5A2DA9250F52A700F2FAA5 /* TechMonManager.swift */,
				1A5A2DAA250F52A700F2FAA5 /* Character.swift */,
			);
			path = Models;
			sourceTree = "<group>";
		};
		1A5A2DAB250F52A700F2FAA5 /* Sounds */ = {
			isa = PBXGroup;
			children = (
				1A5A2DAC250F52A700F2FAA5 /* SE_fanfare.mp3 */,
				1A5A2DAD250F52A700F2FAA5 /* BGM_battle001.mp3 */,
				1A5A2DAE250F52A700F2FAA5 /* SE_fire.mp3 */,
				1A5A2DAF250F52A700F2FAA5 /* SE_attack.mp3 */,
				1A5A2DB0250F52A700F2FAA5 /* SE_gameover.mp3 */,
				1A5A2DB1250F52A700F2FAA5 /* SE_charge.mp3 */,
				1A5A2DB2250F52A700F2FAA5 /* lobby.mp3 */,
			);
			path = Sounds;
			sourceTree = "<group>";
		};
		1A5A2DB3250F52A700F2FAA5 /* Fonts */ = {
			isa = PBXGroup;
			children = (
				1A5A2DB4250F52A700F2FAA5 /* misaki_gothic.ttf */,
			);
			path = Fonts;
			sourceTree = "<group>";
		};
/* End PBXGroup section */

/* Begin PBXNativeTarget section */
		1A5A2D6B250F521400F2FAA5 /* TechMon */ = {
			isa = PBXNativeTarget;
			buildConfigurationList = 1A5A2D96250F521600F2FAA5 /* Build configuration list for PBXNativeTarget "TechMon" */;
			buildPhases = (
				1A5A2D68250F521400F2FAA5 /* Sources */,
				1A5A2D69250F521400F2FAA5 /* Frameworks */,
				1A5A2D6A250F521400F2FAA5 /* Resources */,
			);
			buildRules = (
			);
			dependencies = (
			);
			name = TechMon;
			productName = TechMon;
			productReference = 1A5A2D6C250F521400F2FAA5 /* TechMon.app */;
			productType = "com.apple.product-type.application";
		};
		1A5A2D81250F521600F2FAA5 /* TechMonTests */ = {
			isa = PBXNativeTarget;
			buildConfigurationList = 1A5A2D99250F521600F2FAA5 /* Build configuration list for PBXNativeTarget "TechMonTests" */;
			buildPhases = (
				1A5A2D7E250F521600F2FAA5 /* Sources */,
				1A5A2D7F250F521600F2FAA5 /* Frameworks */,
				1A5A2D80250F521600F2FAA5 /* Resources */,
			);
			buildRules = (
			);
			dependencies = (
				1A5A2D84250F521600F2FAA5 /* PBXTargetDependency */,
			);
			name = TechMonTests;
			productName = TechMonTests;
			productReference = 1A5A2D82250F521600F2FAA5 /* TechMonTests.xctest */;
			productType = "com.apple.product-type.bundle.unit-test";
		};
		1A5A2D8C250F521600F2FAA5 /* TechMonUITests */ = {
			isa = PBXNativeTarget;
			buildConfigurationList = 1A5A2D9C250F521600F2FAA5 /* Build configuration list for PBXNativeTarget "TechMonUITests" */;
			buildPhases = (
				1A5A2D89250F521600F2FAA5 /* Sources */,
				1A5A2D8A250F521600F2FAA5 /* Frameworks */,
				1A5A2D8B250F521600F2FAA5 /* Resources */,
			);
			buildRules = (
			);
			dependencies = (
				1A5A2D8F250F521600F2FAA5 /* PBXTargetDependency */,
			);
			name = TechMonUITests;
			productName = TechMonUITests;
			productReference = 1A5A2D8D250F521600F2FAA5 /* TechMonUITests.xctest */;
			productType = "com.apple.product-type.bundle.ui-testing";
		};
/* End PBXNativeTarget section */

/* Begin PBXProject section */
		1A5A2D64250F521300F2FAA5 /* Project object */ = {
			isa = PBXProject;
			attributes = {
				LastSwiftUpdateCheck = 1170;
				LastUpgradeCheck = 1170;
				ORGANIZATIONNAME = "Yuka Watanabe";
				TargetAttributes = {
					1A5A2D6B250F521400F2FAA5 = {
						CreatedOnToolsVersion = 11.7;
					};
					1A5A2D81250F521600F2FAA5 = {
						CreatedOnToolsVersion = 11.7;
						TestTargetID = 1A5A2D6B250F521400F2FAA5;
					};
					1A5A2D8C250F521600F2FAA5 = {
						CreatedOnToolsVersion = 11.7;
						TestTargetID = 1A5A2D6B250F521400F2FAA5;
					};
				};
			};
			buildConfigurationList = 1A5A2D67250F521300F2FAA5 /* Build configuration list for PBXProject "TechMon" */;
			compatibilityVersion = "Xcode 9.3";
			developmentRegion = en;
			hasScannedForEncodings = 0;
			knownRegions = (
				en,
				Base,
			);
			mainGroup = 1A5A2D63250F521300F2FAA5;
			productRefGroup = 1A5A2D6D250F521400F2FAA5 /* Products */;
			projectDirPath = "";
			projectRoot = "";
			targets = (
				1A5A2D6B250F521400F2FAA5 /* TechMon */,
				1A5A2D81250F521600F2FAA5 /* TechMonTests */,
				1A5A2D8C250F521600F2FAA5 /* TechMonUITests */,
			);
		};
/* End PBXProject section */

/* Begin PBXResourcesBuildPhase section */
		1A5A2D6A250F521400F2FAA5 /* Resources */ = {
			isa = PBXResourcesBuildPhase;
			buildActionMask = 2147483647;
			files = (
				1A5A2DBA250F52A700F2FAA5 /* yusya.png in Resources */,
				1A5A2DB7250F52A700F2FAA5 /* bgimage.jpg in Resources */,
				1A5A2DB8250F52A700F2FAA5 /* waku.png in Resources */,
				1A5A2DBE250F52A700F2FAA5 /* SE_fanfare.mp3 in Resources */,
				1A5A2DB5250F52A700F2FAA5 /* lobby.png in Resources */,
				1A5A2DB9250F52A700F2FAA5 /* gold_button.png in Resources */,
				1A5A2DC1250F52A700F2FAA5 /* SE_attack.mp3 in Resources */,
				1A5A2D7C250F521600F2FAA5 /* LaunchScreen.storyboard in Resources */,
				1A5A2DC4250F52A700F2FAA5 /* lobby.mp3 in Resources */,
				1A5A2D79250F521600F2FAA5 /* Assets.xcassets in Resources */,
				1A5A2DC5250F52A700F2FAA5 /* misaki_gothic.ttf in Resources */,
				1A5A2DC2250F52A700F2FAA5 /* SE_gameover.mp3 in Resources */,
				1A5A2DB6250F52A700F2FAA5 /* battlebg.png in Resources */,
				1A5A2DBF250F52A700F2FAA5 /* BGM_battle001.mp3 in Resources */,
				1A5A2DC3250F52A700F2FAA5 /* SE_charge.mp3 in Resources */,
				1A5A2DC0250F52A700F2FAA5 /* SE_fire.mp3 in Resources */,
				1A5A2DBB250F52A700F2FAA5 /* monster.png in Resources */,
				1A5A2D77250F521400F2FAA5 /* Main.storyboard in Resources */,
			);
			runOnlyForDeploymentPostprocessing = 0;
		};
		1A5A2D80250F521600F2FAA5 /* Resources */ = {
			isa = PBXResourcesBuildPhase;
			buildActionMask = 2147483647;
			files = (
			);
			runOnlyForDeploymentPostprocessing = 0;
		};
		1A5A2D8B250F521600F2FAA5 /* Resources */ = {
			isa = PBXResourcesBuildPhase;
			buildActionMask = 2147483647;
			files = (
			);
			runOnlyForDeploymentPostprocessing = 0;
		};
/* End PBXResourcesBuildPhase section */

/* Begin PBXSourcesBuildPhase section */
		1A5A2D68250F521400F2FAA5 /* Sources */ = {
			isa = PBXSourcesBuildPhase;
			buildActionMask = 2147483647;
			files = (
				1A5A2DC9250F824D00F2FAA5 /* BattleViewController.swift in Sources */,
				1A5A2DBC250F52A700F2FAA5 /* TechMonManager.swift in Sources */,
				1A5A2D74250F521400F2FAA5 /* ViewController.swift in Sources */,
				1A5A2DBD250F52A700F2FAA5 /* Character.swift in Sources */,
				1A5A2DC7250F823B00F2FAA5 /* LobbyViewController.swift in Sources */,
				1A5A2D70250F521400F2FAA5 /* AppDelegate.swift in Sources */,
				1A5A2D72250F521400F2FAA5 /* SceneDelegate.swift in Sources */,
			);
			runOnlyForDeploymentPostprocessing = 0;
		};
		1A5A2D7E250F521600F2FAA5 /* Sources */ = {
			isa = PBXSourcesBuildPhase;
			buildActionMask = 2147483647;
			files = (
				1A5A2D87250F521600F2FAA5 /* TechMonTests.swift in Sources */,
			);
			runOnlyForDeploymentPostprocessing = 0;
		};
		1A5A2D89250F521600F2FAA5 /* Sources */ = {
			isa = PBXSourcesBuildPhase;
			buildActionMask = 2147483647;
			files = (
				1A5A2D92250F521600F2FAA5 /* TechMonUITests.swift in Sources */,
			);
			runOnlyForDeploymentPostprocessing = 0;
		};
/* End PBXSourcesBuildPhase section */

/* Begin PBXTargetDependency section */
		1A5A2D84250F521600F2FAA5 /* PBXTargetDependency */ = {
			isa = PBXTargetDependency;
			target = 1A5A2D6B250F521400F2FAA5 /* TechMon */;
			targetProxy = 1A5A2D83250F521600F2FAA5 /* PBXContainerItemProxy */;
		};
		1A5A2D8F250F521600F2FAA5 /* PBXTargetDependency */ = {
			isa = PBXTargetDependency;
			target = 1A5A2D6B250F521400F2FAA5 /* TechMon */;
			targetProxy = 1A5A2D8E250F521600F2FAA5 /* PBXContainerItemProxy */;
		};
/* End PBXTargetDependency section */

/* Begin PBXVariantGroup section */
		1A5A2D75250F521400F2FAA5 /* Main.storyboard */ = {
			isa = PBXVariantGroup;
			children = (
				1A5A2D76250F521400F2FAA5 /* Base */,
			);
			name = Main.storyboard;
			sourceTree = "<group>";
		};
		1A5A2D7A250F521600F2FAA5 /* LaunchScreen.storyboard */ = {
			isa = PBXVariantGroup;
			children = (
				1A5A2D7B250F521600F2FAA5 /* Base */,
			);
			name = LaunchScreen.storyboard;
			sourceTree = "<group>";
		};
/* End PBXVariantGroup section */

/* Begin XCBuildConfiguration section */
		1A5A2D94250F521600F2FAA5 /* Debug */ = {
			isa = XCBuildConfiguration;
			buildSettings = {
				ALWAYS_SEARCH_USER_PATHS = NO;
				CLANG_ANALYZER_NONNULL = YES;
				CLANG_ANALYZER_NUMBER_OBJECT_CONVERSION = YES_AGGRESSIVE;
				CLANG_CXX_LANGUAGE_STANDARD = "gnu++14";
				CLANG_CXX_LIBRARY = "libc++";
				CLANG_ENABLE_MODULES = YES;
				CLANG_ENABLE_OBJC_ARC = YES;
				CLANG_ENABLE_OBJC_WEAK = YES;
				CLANG_WARN_BLOCK_CAPTURE_AUTORELEASING = YES;
				CLANG_WARN_BOOL_CONVERSION = YES;
				CLANG_WARN_COMMA = YES;
				CLANG_WARN_CONSTANT_CONVERSION = YES;
				CLANG_WARN_DEPRECATED_OBJC_IMPLEMENTATIONS = YES;
				CLANG_WARN_DIRECT_OBJC_ISA_USAGE = YES_ERROR;
				CLANG_WARN_DOCUMENTATION_COMMENTS = YES;
				CLANG_WARN_EMPTY_BODY = YES;
				CLANG_WARN_ENUM_CONVERSION = YES;
				CLANG_WARN_INFINITE_RECURSION = YES;
				CLANG_WARN_INT_CONVERSION = YES;
				CLANG_WARN_NON_LITERAL_NULL_CONVERSION = YES;
				CLANG_WARN_OBJC_IMPLICIT_RETAIN_SELF = YES;
				CLANG_WARN_OBJC_LITERAL_CONVERSION = YES;
				CLANG_WARN_OBJC_ROOT_CLASS = YES_ERROR;
				CLANG_WARN_RANGE_LOOP_ANALYSIS = YES;
				CLANG_WARN_STRICT_PROTOTYPES = YES;
				CLANG_WARN_SUSPICIOUS_MOVE = YES;
				CLANG_WARN_UNGUARDED_AVAILABILITY = YES_AGGRESSIVE;
				CLANG_WARN_UNREACHABLE_CODE = YES;
				CLANG_WARN__DUPLICATE_METHOD_MATCH = YES;
				COPY_PHASE_STRIP = NO;
				DEBUG_INFORMATION_FORMAT = dwarf;
				ENABLE_STRICT_OBJC_MSGSEND = YES;
				ENABLE_TESTABILITY = YES;
				GCC_C_LANGUAGE_STANDARD = gnu11;
				GCC_DYNAMIC_NO_PIC = NO;
				GCC_NO_COMMON_BLOCKS = YES;
				GCC_OPTIMIZATION_LEVEL = 0;
				GCC_PREPROCESSOR_DEFINITIONS = (
					"DEBUG=1",
					"$(inherited)",
				);
				GCC_WARN_64_TO_32_BIT_CONVERSION = YES;
				GCC_WARN_ABOUT_RETURN_TYPE = YES_ERROR;
				GCC_WARN_UNDECLARED_SELECTOR = YES;
				GCC_WARN_UNINITIALIZED_AUTOS = YES_AGGRESSIVE;
				GCC_WARN_UNUSED_FUNCTION = YES;
				GCC_WARN_UNUSED_VARIABLE = YES;
				IPHONEOS_DEPLOYMENT_TARGET = 13.7;
				MTL_ENABLE_DEBUG_INFO = INCLUDE_SOURCE;
				MTL_FAST_MATH = YES;
				ONLY_ACTIVE_ARCH = YES;
				SDKROOT = iphoneos;
				SWIFT_ACTIVE_COMPILATION_CONDITIONS = DEBUG;
				SWIFT_OPTIMIZATION_LEVEL = "-Onone";
			};
			name = Debug;
		};
		1A5A2D95250F521600F2FAA5 /* Release */ = {
			isa = XCBuildConfiguration;
			buildSettings = {
				ALWAYS_SEARCH_USER_PATHS = NO;
				CLANG_ANALYZER_NONNULL = YES;
				CLANG_ANALYZER_NUMBER_OBJECT_CONVERSION = YES_AGGRESSIVE;
				CLANG_CXX_LANGUAGE_STANDARD = "gnu++14";
				CLANG_CXX_LIBRARY = "libc++";
				CLANG_ENABLE_MODULES = YES;
				CLANG_ENABLE_OBJC_ARC = YES;
				CLANG_ENABLE_OBJC_WEAK = YES;
				CLANG_WARN_BLOCK_CAPTURE_AUTORELEASING = YES;
				CLANG_WARN_BOOL_CONVERSION = YES;
				CLANG_WARN_COMMA = YES;
				CLANG_WARN_CONSTANT_CONVERSION = YES;
				CLANG_WARN_DEPRECATED_OBJC_IMPLEMENTATIONS = YES;
				CLANG_WARN_DIRECT_OBJC_ISA_USAGE = YES_ERROR;
				CLANG_WARN_DOCUMENTATION_COMMENTS = YES;
				CLANG_WARN_EMPTY_BODY = YES;
				CLANG_WARN_ENUM_CONVERSION = YES;
				CLANG_WARN_INFINITE_RECURSION = YES;
				CLANG_WARN_INT_CONVERSION = YES;
				CLANG_WARN_NON_LITERAL_NULL_CONVERSION = YES;
				CLANG_WARN_OBJC_IMPLICIT_RETAIN_SELF = YES;
				CLANG_WARN_OBJC_LITERAL_CONVERSION = YES;
				CLANG_WARN_OBJC_ROOT_CLASS = YES_ERROR;
				CLANG_WARN_RANGE_LOOP_ANALYSIS = YES;
				CLANG_WARN_STRICT_PROTOTYPES = YES;
				CLANG_WARN_SUSPICIOUS_MOVE = YES;
				CLANG_WARN_UNGUARDED_AVAILABILITY = YES_AGGRESSIVE;
				CLANG_WARN_UNREACHABLE_CODE = YES;
				CLANG_WARN__DUPLICATE_METHOD_MATCH = YES;
				COPY_PHASE_STRIP = NO;
				DEBUG_INFORMATION_FORMAT = "dwarf-with-dsym";
				ENABLE_NS_ASSERTIONS = NO;
				ENABLE_STRICT_OBJC_MSGSEND = YES;
				GCC_C_LANGUAGE_STANDARD = gnu11;
				GCC_NO_COMMON_BLOCKS = YES;
				GCC_WARN_64_TO_32_BIT_CONVERSION = YES;
				GCC_WARN_ABOUT_RETURN_TYPE = YES_ERROR;
				GCC_WARN_UNDECLARED_SELECTOR = YES;
				GCC_WARN_UNINITIALIZED_AUTOS = YES_AGGRESSIVE;
				GCC_WARN_UNUSED_FUNCTION = YES;
				GCC_WARN_UNUSED_VARIABLE = YES;
				IPHONEOS_DEPLOYMENT_TARGET = 13.7;
				MTL_ENABLE_DEBUG_INFO = NO;
				MTL_FAST_MATH = YES;
				SDKROOT = iphoneos;
				SWIFT_COMPILATION_MODE = wholemodule;
				SWIFT_OPTIMIZATION_LEVEL = "-O";
				VALIDATE_PRODUCT = YES;
			};
			name = Release;
		};
		1A5A2D97250F521600F2FAA5 /* Debug */ = {
			isa = XCBuildConfiguration;
			buildSettings = {
				ASSETCATALOG_COMPILER_APPICON_NAME = AppIcon;
				CODE_SIGN_STYLE = Automatic;
				INFOPLIST_FILE = TechMon/Info.plist;
				LD_RUNPATH_SEARCH_PATHS = (
					"$(inherited)",
					"@executable_path/Frameworks",
				);
				PRODUCT_BUNDLE_IDENTIFIER = app.yuka.watanabe.TechMon;
				PRODUCT_NAME = "$(TARGET_NAME)";
				SWIFT_VERSION = 5.0;
				TARGETED_DEVICE_FAMILY = "1,2";
			};
			name = Debug;
		};
		1A5A2D98250F521600F2FAA5 /* Release */ = {
			isa = XCBuildConfiguration;
			buildSettings = {
				ASSETCATALOG_COMPILER_APPICON_NAME = AppIcon;
				CODE_SIGN_STYLE = Automatic;
				INFOPLIST_FILE = TechMon/Info.plist;
				LD_RUNPATH_SEARCH_PATHS = (
					"$(inherited)",
					"@executable_path/Frameworks",
				);
				PRODUCT_BUNDLE_IDENTIFIER = app.yuka.watanabe.TechMon;
				PRODUCT_NAME = "$(TARGET_NAME)";
				SWIFT_VERSION = 5.0;
				TARGETED_DEVICE_FAMILY = "1,2";
			};
			name = Release;
		};
		1A5A2D9A250F521600F2FAA5 /* Debug */ = {
			isa = XCBuildConfiguration;
			buildSettings = {
				ALWAYS_EMBED_SWIFT_STANDARD_LIBRARIES = YES;
				BUNDLE_LOADER = "$(TEST_HOST)";
				CODE_SIGN_STYLE = Automatic;
				INFOPLIST_FILE = TechMonTests/Info.plist;
				IPHONEOS_DEPLOYMENT_TARGET = 13.7;
				LD_RUNPATH_SEARCH_PATHS = (
					"$(inherited)",
					"@executable_path/Frameworks",
					"@loader_path/Frameworks",
				);
				PRODUCT_BUNDLE_IDENTIFIER = app.yuka.watanabe.TechMonTests;
				PRODUCT_NAME = "$(TARGET_NAME)";
				SWIFT_VERSION = 5.0;
				TARGETED_DEVICE_FAMILY = "1,2";
				TEST_HOST = "$(BUILT_PRODUCTS_DIR)/TechMon.app/TechMon";
			};
			name = Debug;
		};
		1A5A2D9B250F521600F2FAA5 /* Release */ = {
			isa = XCBuildConfiguration;
			buildSettings = {
				ALWAYS_EMBED_SWIFT_STANDARD_LIBRARIES = YES;
				BUNDLE_LOADER = "$(TEST_HOST)";
				CODE_SIGN_STYLE = Automatic;
				INFOPLIST_FILE = TechMonTests/Info.plist;
				IPHONEOS_DEPLOYMENT_TARGET = 13.7;
				LD_RUNPATH_SEARCH_PATHS = (
					"$(inherited)",
					"@executable_path/Frameworks",
					"@loader_path/Frameworks",
				);
				PRODUCT_BUNDLE_IDENTIFIER = app.yuka.watanabe.TechMonTests;
				PRODUCT_NAME = "$(TARGET_NAME)";
				SWIFT_VERSION = 5.0;
				TARGETED_DEVICE_FAMILY = "1,2";
				TEST_HOST = "$(BUILT_PRODUCTS_DIR)/TechMon.app/TechMon";
			};
			name = Release;
		};
		1A5A2D9D250F521600F2FAA5 /* Debug */ = {
			isa = XCBuildConfiguration;
			buildSettings = {
				ALWAYS_EMBED_SWIFT_STANDARD_LIBRARIES = YES;
				CODE_SIGN_STYLE = Automatic;
				INFOPLIST_FILE = TechMonUITests/Info.plist;
				LD_RUNPATH_SEARCH_PATHS = (
					"$(inherited)",
					"@executable_path/Frameworks",
					"@loader_path/Frameworks",
				);
				PRODUCT_BUNDLE_IDENTIFIER = app.yuka.watanabe.TechMonUITests;
				PRODUCT_NAME = "$(TARGET_NAME)";
				SWIFT_VERSION = 5.0;
				TARGETED_DEVICE_FAMILY = "1,2";
				TEST_TARGET_NAME = TechMon;
			};
			name = Debug;
		};
		1A5A2D9E250F521600F2FAA5 /* Release */ = {
			isa = XCBuildConfiguration;
			buildSettings = {
				ALWAYS_EMBED_SWIFT_STANDARD_LIBRARIES = YES;
				CODE_SIGN_STYLE = Automatic;
				INFOPLIST_FILE = TechMonUITests/Info.plist;
				LD_RUNPATH_SEARCH_PATHS = (
					"$(inherited)",
					"@executable_path/Frameworks",
					"@loader_path/Frameworks",
				);
				PRODUCT_BUNDLE_IDENTIFIER = app.yuka.watanabe.TechMonUITests;
				PRODUCT_NAME = "$(TARGET_NAME)";
				SWIFT_VERSION = 5.0;
				TARGETED_DEVICE_FAMILY = "1,2";
				TEST_TARGET_NAME = TechMon;
			};
			name = Release;
		};
/* End XCBuildConfiguration section */

/* Begin XCConfigurationList section */
		1A5A2D67250F521300F2FAA5 /* Build configuration list for PBXProject "TechMon" */ = {
			isa = XCConfigurationList;
			buildConfigurations = (
				1A5A2D94250F521600F2FAA5 /* Debug */,
				1A5A2D95250F521600F2FAA5 /* Release */,
			);
			defaultConfigurationIsVisible = 0;
			defaultConfigurationName = Release;
		};
		1A5A2D96250F521600F2FAA5 /* Build configuration list for PBXNativeTarget "TechMon" */ = {
			isa = XCConfigurationList;
			buildConfigurations = (
				1A5A2D97250F521600F2FAA5 /* Debug */,
				1A5A2D98250F521600F2FAA5 /* Release */,
			);
			defaultConfigurationIsVisible = 0;
			defaultConfigurationName = Release;
		};
		1A5A2D99250F521600F2FAA5 /* Build configuration list for PBXNativeTarget "TechMonTests" */ = {
			isa = XCConfigurationList;
			buildConfigurations = (
				1A5A2D9A250F521600F2FAA5 /* Debug */,
				1A5A2D9B250F521600F2FAA5 /* Release */,
			);
			defaultConfigurationIsVisible = 0;
			defaultConfigurationName = Release;
		};
		1A5A2D9C250F521600F2FAA5 /* Build configuration list for PBXNativeTarget "TechMonUITests" */ = {
			isa = XCConfigurationList;
			buildConfigurations = (
				1A5A2D9D250F521600F2FAA5 /* Debug */,
				1A5A2D9E250F521600F2FAA5 /* Release */,
			);
			defaultConfigurationIsVisible = 0;
			defaultConfigurationName = Release;
		};
/* End XCConfigurationList section */
	};
	rootObject = 1A5A2D64250F521300F2FAA5 /* Project object */;
}
